// !$*UTF8*$!
{
	archiveVersion = 1;
	classes = {
	};
	objectVersion = 46;
	objects = {

/* Begin PBXBuildFile section */
		F22D20B31CD8AAF10089C93B /* AppDelegate.swift in Sources */ = {isa = PBXBuildFile; fileRef = F22D20B21CD8AAF10089C93B /* AppDelegate.swift */; };
		F22D20B81CD8AAF10089C93B /* Main.storyboard in Resources */ = {isa = PBXBuildFile; fileRef = F22D20B61CD8AAF10089C93B /* Main.storyboard */; };
		F22D20BA1CD8AAF10089C93B /* Assets.xcassets in Resources */ = {isa = PBXBuildFile; fileRef = F22D20B91CD8AAF10089C93B /* Assets.xcassets */; };
		F22D20BD1CD8AAF10089C93B /* LaunchScreen.storyboard in Resources */ = {isa = PBXBuildFile; fileRef = F22D20BB1CD8AAF10089C93B /* LaunchScreen.storyboard */; };
		F22D20C81CD8AAF20089C93B /* PitchPerfectTests.swift in Sources */ = {isa = PBXBuildFile; fileRef = F22D20C71CD8AAF20089C93B /* PitchPerfectTests.swift */; };
		F22D20D31CD8AAF20089C93B /* PitchPerfectUITests.swift in Sources */ = {isa = PBXBuildFile; fileRef = F22D20D21CD8AAF20089C93B /* PitchPerfectUITests.swift */; };
		F22D20E51CD8CB190089C93B /* PlaySoundsViewController.swift in Sources */ = {isa = PBXBuildFile; fileRef = F22D20E41CD8CB190089C93B /* PlaySoundsViewController.swift */; };
		F22D20E91CDB3AC60089C93B /* RecodSoundsViewController.swift in Sources */ = {isa = PBXBuildFile; fileRef = F22D20E81CDB3AC60089C93B /* RecodSoundsViewController.swift */; };
		F2585AFA1CDB5CF500ACE465 /* PlaySoundsViewController+Audio.swift in Sources */ = {isa = PBXBuildFile; fileRef = F2585AF91CDB5CF500ACE465 /* PlaySoundsViewController+Audio.swift */; };
/* End PBXBuildFile section */

/* Begin PBXContainerItemProxy section */
		F22D20C41CD8AAF20089C93B /* PBXContainerItemProxy */ = {
			isa = PBXContainerItemProxy;
			containerPortal = F22D20A71CD8AAF10089C93B /* Project object */;
			proxyType = 1;
			remoteGlobalIDString = F22D20AE1CD8AAF10089C93B;
			remoteInfo = PitchPerfect;
		};
		F22D20CF1CD8AAF20089C93B /* PBXContainerItemProxy */ = {
			isa = PBXContainerItemProxy;
			containerPortal = F22D20A71CD8AAF10089C93B /* Project object */;
			proxyType = 1;
			remoteGlobalIDString = F22D20AE1CD8AAF10089C93B;
			remoteInfo = PitchPerfect;
		};
/* End PBXContainerItemProxy section */

/* Begin PBXFileReference section */
		F22D20AF1CD8AAF10089C93B /* PitchPerfect.app */ = {isa = PBXFileReference; explicitFileType = wrapper.application; includeInIndex = 0; path = PitchPerfect.app; sourceTree = BUILT_PRODUCTS_DIR; };
		F22D20B21CD8AAF10089C93B /* AppDelegate.swift */ = {isa = PBXFileReference; lastKnownFileType = sourcecode.swift; path = AppDelegate.swift; sourceTree = "<group>"; };
		F22D20B71CD8AAF10089C93B /* Base */ = {isa = PBXFileReference; lastKnownFileType = file.storyboard; name = Base; path = Base.lproj/Main.storyboard; sourceTree = "<group>"; };
		F22D20B91CD8AAF10089C93B /* Assets.xcassets */ = {isa = PBXFileReference; lastKnownFileType = folder.assetcatalog; path = Assets.xcassets; sourceTree = "<group>"; };
		F22D20BC1CD8AAF10089C93B /* Base */ = {isa = PBXFileReference; lastKnownFileType = file.storyboard; name = Base; path = Base.lproj/LaunchScreen.storyboard; sourceTree = "<group>"; };
		F22D20BE1CD8AAF20089C93B /* Info.plist */ = {isa = PBXFileReference; lastKnownFileType = text.plist.xml; path = Info.plist; sourceTree = "<group>"; };
		F22D20C31CD8AAF20089C93B /* PitchPerfectTests.xctest */ = {isa = PBXFileReference; explicitFileType = wrapper.cfbundle; includeInIndex = 0; path = PitchPerfectTests.xctest; sourceTree = BUILT_PRODUCTS_DIR; };
		F22D20C71CD8AAF20089C93B /* PitchPerfectTests.swift */ = {isa = PBXFileReference; lastKnownFileType = sourcecode.swift; path = PitchPerfectTests.swift; sourceTree = "<group>"; };
		F22D20C91CD8AAF20089C93B /* Info.plist */ = {isa = PBXFileReference; lastKnownFileType = text.plist.xml; path = Info.plist; sourceTree = "<group>"; };
		F22D20CE1CD8AAF20089C93B /* PitchPerfectUITests.xctest */ = {isa = PBXFileReference; explicitFileType = wrapper.cfbundle; includeInIndex = 0; path = PitchPerfectUITests.xctest; sourceTree = BUILT_PRODUCTS_DIR; };
		F22D20D21CD8AAF20089C93B /* PitchPerfectUITests.swift */ = {isa = PBXFileReference; lastKnownFileType = sourcecode.swift; path = PitchPerfectUITests.swift; sourceTree = "<group>"; };
		F22D20D41CD8AAF20089C93B /* Info.plist */ = {isa = PBXFileReference; lastKnownFileType = text.plist.xml; path = Info.plist; sourceTree = "<group>"; };
		F22D20E41CD8CB190089C93B /* PlaySoundsViewController.swift */ = {isa = PBXFileReference; fileEncoding = 4; lastKnownFileType = sourcecode.swift; path = PlaySoundsViewController.swift; sourceTree = "<group>"; };
		F22D20E81CDB3AC60089C93B /* RecodSoundsViewController.swift */ = {isa = PBXFileReference; fileEncoding = 4; lastKnownFileType = sourcecode.swift; path = RecodSoundsViewController.swift; sourceTree = "<group>"; };
		F2585AF91CDB5CF500ACE465 /* PlaySoundsViewController+Audio.swift */ = {isa = PBXFileReference; fileEncoding = 4; lastKnownFileType = sourcecode.swift; path = "PlaySoundsViewController+Audio.swift"; sourceTree = "<group>"; };
/* End PBXFileReference section */

/* Begin PBXFrameworksBuildPhase section */
		F22D20AC1CD8AAF10089C93B /* Frameworks */ = {
			isa = PBXFrameworksBuildPhase;
			buildActionMask = 2147483647;
			files = (
			);
			runOnlyForDeploymentPostprocessing = 0;
		};
		F22D20C01CD8AAF20089C93B /* Frameworks */ = {
			isa = PBXFrameworksBuildPhase;
			buildActionMask = 2147483647;
			files = (
			);
			runOnlyForDeploymentPostprocessing = 0;
		};
		F22D20CB1CD8AAF20089C93B /* Frameworks */ = {
			isa = PBXFrameworksBuildPhase;
			buildActionMask = 2147483647;
			files = (
			);
			runOnlyForDeploymentPostprocessing = 0;
		};
/* End PBXFrameworksBuildPhase section */

/* Begin PBXGroup section */
		F22D20A61CD8AAF10089C93B = {
			isa = PBXGroup;
			children = (
				F22D20B11CD8AAF10089C93B /* PitchPerfect */,
				F22D20C61CD8AAF20089C93B /* PitchPerfectTests */,
				F22D20D11CD8AAF20089C93B /* PitchPerfectUITests */,
				F22D20B01CD8AAF10089C93B /* Products */,
			);
			sourceTree = "<group>";
		};
		F22D20B01CD8AAF10089C93B /* Products */ = {
			isa = PBXGroup;
			children = (
				F22D20AF1CD8AAF10089C93B /* PitchPerfect.app */,
				F22D20C31CD8AAF20089C93B /* PitchPerfectTests.xctest */,
				F22D20CE1CD8AAF20089C93B /* PitchPerfectUITests.xctest */,
			);
			name = Products;
			sourceTree = "<group>";
		};
		F22D20B11CD8AAF10089C93B /* PitchPerfect */ = {
			isa = PBXGroup;
			children = (
				F2585AF91CDB5CF500ACE465 /* PlaySoundsViewController+Audio.swift */,
				F22D20E81CDB3AC60089C93B /* RecodSoundsViewController.swift */,
				F22D20E41CD8CB190089C93B /* PlaySoundsViewController.swift */,
				F22D20B21CD8AAF10089C93B /* AppDelegate.swift */,
				F22D20B61CD8AAF10089C93B /* Main.storyboard */,
				F22D20B91CD8AAF10089C93B /* Assets.xcassets */,
				F22D20BB1CD8AAF10089C93B /* LaunchScreen.storyboard */,
				F22D20BE1CD8AAF20089C93B /* Info.plist */,
			);
			path = PitchPerfect;
			sourceTree = "<group>";
		};
		F22D20C61CD8AAF20089C93B /* PitchPerfectTests */ = {
			isa = PBXGroup;
			children = (
				F22D20C71CD8AAF20089C93B /* PitchPerfectTests.swift */,
				F22D20C91CD8AAF20089C93B /* Info.plist */,
			);
			path = PitchPerfectTests;
			sourceTree = "<group>";
		};
		F22D20D11CD8AAF20089C93B /* PitchPerfectUITests */ = {
			isa = PBXGroup;
			children = (
				F22D20D21CD8AAF20089C93B /* PitchPerfectUITests.swift */,
				F22D20D41CD8AAF20089C93B /* Info.plist */,
			);
			path = PitchPerfectUITests;
			sourceTree = "<group>";
		};
/* End PBXGroup section */

/* Begin PBXNativeTarget section */
		F22D20AE1CD8AAF10089C93B /* PitchPerfect */ = {
			isa = PBXNativeTarget;
			buildConfigurationList = F22D20D71CD8AAF20089C93B /* Build configuration list for PBXNativeTarget "PitchPerfect" */;
			buildPhases = (
				F22D20AB1CD8AAF10089C93B /* Sources */,
				F22D20AC1CD8AAF10089C93B /* Frameworks */,
				F22D20AD1CD8AAF10089C93B /* Resources */,
			);
			buildRules = (
			);
			dependencies = (
			);
			name = PitchPerfect;
			productName = PitchPerfect;
			productReference = F22D20AF1CD8AAF10089C93B /* PitchPerfect.app */;
			productType = "com.apple.product-type.application";
		};
		F22D20C21CD8AAF20089C93B /* PitchPerfectTests */ = {
			isa = PBXNativeTarget;
			buildConfigurationList = F22D20DA1CD8AAF20089C93B /* Build configuration list for PBXNativeTarget "PitchPerfectTests" */;
			buildPhases = (
				F22D20BF1CD8AAF20089C93B /* Sources */,
				F22D20C01CD8AAF20089C93B /* Frameworks */,
				F22D20C11CD8AAF20089C93B /* Resources */,
			);
			buildRules = (
			);
			dependencies = (
				F22D20C51CD8AAF20089C93B /* PBXTargetDependency */,
			);
			name = PitchPerfectTests;
			productName = PitchPerfectTests;
			productReference = F22D20C31CD8AAF20089C93B /* PitchPerfectTests.xctest */;
			productType = "com.apple.product-type.bundle.unit-test";
		};
		F22D20CD1CD8AAF20089C93B /* PitchPerfectUITests */ = {
			isa = PBXNativeTarget;
			buildConfigurationList = F22D20DD1CD8AAF20089C93B /* Build configuration list for PBXNativeTarget "PitchPerfectUITests" */;
			buildPhases = (
				F22D20CA1CD8AAF20089C93B /* Sources */,
				F22D20CB1CD8AAF20089C93B /* Frameworks */,
				F22D20CC1CD8AAF20089C93B /* Resources */,
			);
			buildRules = (
			);
			dependencies = (
				F22D20D01CD8AAF20089C93B /* PBXTargetDependency */,
			);
			name = PitchPerfectUITests;
			productName = PitchPerfectUITests;
			productReference = F22D20CE1CD8AAF20089C93B /* PitchPerfectUITests.xctest */;
			productType = "com.apple.product-type.bundle.ui-testing";
		};
/* End PBXNativeTarget section */

/* Begin PBXProject section */
		F22D20A71CD8AAF10089C93B /* Project object */ = {
			isa = PBXProject;
			attributes = {
				LastSwiftUpdateCheck = 0730;
				LastUpgradeCheck = 0730;
				ORGANIZATIONNAME = "Wataru Sekiguchi";
				TargetAttributes = {
					F22D20AE1CD8AAF10089C93B = {
						CreatedOnToolsVersion = 7.3;
					};
					F22D20C21CD8AAF20089C93B = {
						CreatedOnToolsVersion = 7.3;
						TestTargetID = F22D20AE1CD8AAF10089C93B;
					};
					F22D20CD1CD8AAF20089C93B = {
						CreatedOnToolsVersion = 7.3;
						TestTargetID = F22D20AE1CD8AAF10089C93B;
					};
				};
			};
			buildConfigurationList = F22D20AA1CD8AAF10089C93B /* Build configuration list for PBXProject "PitchPerfect" */;
			compatibilityVersion = "Xcode 3.2";
			developmentRegion = English;
			hasScannedForEncodings = 0;
			knownRegions = (
				en,
				Base,
			);
			mainGroup = F22D20A61CD8AAF10089C93B;
			productRefGroup = F22D20B01CD8AAF10089C93B /* Products */;
			projectDirPath = "";
			projectRoot = "";
			targets = (
				F22D20AE1CD8AAF10089C93B /* PitchPerfect */,
				F22D20C21CD8AAF20089C93B /* PitchPerfectTests */,
				F22D20CD1CD8AAF20089C93B /* PitchPerfectUITests */,
			);
		};
/* End PBXProject section */

/* Begin PBXResourcesBuildPhase section */
		F22D20AD1CD8AAF10089C93B /* Resources */ = {
			isa = PBXResourcesBuildPhase;
			buildActionMask = 2147483647;
			files = (
				F22D20BD1CD8AAF10089C93B /* LaunchScreen.storyboard in Resources */,
				F22D20BA1CD8AAF10089C93B /* Assets.xcassets in Resources */,
				F22D20B81CD8AAF10089C93B /* Main.storyboard in Resources */,
			);
			runOnlyForDeploymentPostprocessing = 0;
		};
		F22D20C11CD8AAF20089C93B /* Resources */ = {
			isa = PBXResourcesBuildPhase;
			buildActionMask = 2147483647;
			files = (
			);
			runOnlyForDeploymentPostprocessing = 0;
		};
		F22D20CC1CD8AAF20089C93B /* Resources */ = {
			isa = PBXResourcesBuildPhase;
			buildActionMask = 2147483647;
			files = (
			);
			runOnlyForDeploymentPostprocessing = 0;
		};
/* End PBXResourcesBuildPhase section */

/* Begin PBXSourcesBuildPhase section */
		F22D20AB1CD8AAF10089C93B /* Sources */ = {
			isa = PBXSourcesBuildPhase;
			buildActionMask = 2147483647;
			files = (
				F22D20E51CD8CB190089C93B /* PlaySoundsViewController.swift in Sources */,
				F2585AFA1CDB5CF500ACE465 /* PlaySoundsViewController+Audio.swift in Sources */,
				F22D20B31CD8AAF10089C93B /* AppDelegate.swift in Sources */,
				F22D20E91CDB3AC60089C93B /* RecodSoundsViewController.swift in Sources */,
			);
			runOnlyForDeploymentPostprocessing = 0;
		};
		F22D20BF1CD8AAF20089C93B /* Sources */ = {
			isa = PBXSourcesBuildPhase;
			buildActionMask = 2147483647;
			files = (
				F22D20C81CD8AAF20089C93B /* PitchPerfectTests.swift in Sources */,
			);
			runOnlyForDeploymentPostprocessing = 0;
		};
		F22D20CA1CD8AAF20089C93B /* Sources */ = {
			isa = PBXSourcesBuildPhase;
			buildActionMask = 2147483647;
			files = (
				F22D20D31CD8AAF20089C93B /* PitchPerfectUITests.swift in Sources */,
			);
			runOnlyForDeploymentPostprocessing = 0;
		};
/* End PBXSourcesBuildPhase section */

/* Begin PBXTargetDependency section */
		F22D20C51CD8AAF20089C93B /* PBXTargetDependency */ = {
			isa = PBXTargetDependency;
			target = F22D20AE1CD8AAF10089C93B /* PitchPerfect */;
			targetProxy = F22D20C41CD8AAF20089C93B /* PBXContainerItemProxy */;
		};
		F22D20D01CD8AAF20089C93B /* PBXTargetDependency */ = {
			isa = PBXTargetDependency;
			target = F22D20AE1CD8AAF10089C93B /* PitchPerfect */;
			targetProxy = F22D20CF1CD8AAF20089C93B /* PBXContainerItemProxy */;
		};
/* End PBXTargetDependency section */

/* Begin PBXVariantGroup section */
		F22D20B61CD8AAF10089C93B /* Main.storyboard */ = {
			isa = PBXVariantGroup;
			children = (
				F22D20B71CD8AAF10089C93B /* Base */,
			);
			name = Main.storyboard;
			sourceTree = "<group>";
		};
		F22D20BB1CD8AAF10089C93B /* LaunchScreen.storyboard */ = {
			isa = PBXVariantGroup;
			children = (
				F22D20BC1CD8AAF10089C93B /* Base */,
			);
			name = LaunchScreen.storyboard;
			sourceTree = "<group>";
		};
/* End PBXVariantGroup section */

/* Begin XCBuildConfiguration section */
		F22D20D51CD8AAF20089C93B /* Debug */ = {
			isa = XCBuildConfiguration;
			buildSettings = {
				ALWAYS_SEARCH_USER_PATHS = NO;
				CLANG_ANALYZER_NONNULL = YES;
				CLANG_CXX_LANGUAGE_STANDARD = "gnu++0x";
				CLANG_CXX_LIBRARY = "libc++";
				CLANG_ENABLE_MODULES = YES;
				CLANG_ENABLE_OBJC_ARC = YES;
				CLANG_WARN_BOOL_CONVERSION = YES;
				CLANG_WARN_CONSTANT_CONVERSION = YES;
				CLANG_WARN_DIRECT_OBJC_ISA_USAGE = YES_ERROR;
				CLANG_WARN_EMPTY_BODY = YES;
				CLANG_WARN_ENUM_CONVERSION = YES;
				CLANG_WARN_INT_CONVERSION = YES;
				CLANG_WARN_OBJC_ROOT_CLASS = YES_ERROR;
				CLANG_WARN_UNREACHABLE_CODE = YES;
				CLANG_WARN__DUPLICATE_METHOD_MATCH = YES;
				"CODE_SIGN_IDENTITY[sdk=iphoneos*]" = "iPhone Developer";
				COPY_PHASE_STRIP = NO;
				DEBUG_INFORMATION_FORMAT = dwarf;
				ENABLE_STRICT_OBJC_MSGSEND = YES;
				ENABLE_TESTABILITY = YES;
				GCC_C_LANGUAGE_STANDARD = gnu99;
				GCC_DYNAMIC_NO_PIC = NO;
				GCC_NO_COMMON_BLOCKS = YES;
				GCC_OPTIMIZATION_LEVEL = 0;
				GCC_PREPROCESSOR_DEFINITIONS = (
					"DEBUG=1",
					"$(inherited)",
				);
				GCC_WARN_64_TO_32_BIT_CONVERSION = YES;
				GCC_WARN_ABOUT_RETURN_TYPE = YES_ERROR;
				GCC_WARN_UNDECLARED_SELECTOR = YES;
				GCC_WARN_UNINITIALIZED_AUTOS = YES_AGGRESSIVE;
				GCC_WARN_UNUSED_FUNCTION = YES;
				GCC_WARN_UNUSED_VARIABLE = YES;
				IPHONEOS_DEPLOYMENT_TARGET = 9.3;
				MTL_ENABLE_DEBUG_INFO = YES;
				ONLY_ACTIVE_ARCH = YES;
				SDKROOT = iphoneos;
				SWIFT_OPTIMIZATION_LEVEL = "-Onone";
				TARGETED_DEVICE_FAMILY = "1,2";
			};
			name = Debug;
		};
		F22D20D61CD8AAF20089C93B /* Release */ = {
			isa = XCBuildConfiguration;
			buildSettings = {
				ALWAYS_SEARCH_USER_PATHS = NO;
				CLANG_ANALYZER_NONNULL = YES;
				CLANG_CXX_LANGUAGE_STANDARD = "gnu++0x";
				CLANG_CXX_LIBRARY = "libc++";
				CLANG_ENABLE_MODULES = YES;
				CLANG_ENABLE_OBJC_ARC = YES;
				CLANG_WARN_BOOL_CONVERSION = YES;
				CLANG_WARN_CONSTANT_CONVERSION = YES;
				CLANG_WARN_DIRECT_OBJC_ISA_USAGE = YES_ERROR;
				CLANG_WARN_EMPTY_BODY = YES;
				CLANG_WARN_ENUM_CONVERSION = YES;
				CLANG_WARN_INT_CONVERSION = YES;
				CLANG_WARN_OBJC_ROOT_CLASS = YES_ERROR;
				CLANG_WARN_UNREACHABLE_CODE = YES;
				CLANG_WARN__DUPLICATE_METHOD_MATCH = YES;
				"CODE_SIGN_IDENTITY[sdk=iphoneos*]" = "iPhone Developer";
				COPY_PHASE_STRIP = NO;
				DEBUG_INFORMATION_FORMAT = "dwarf-with-dsym";
				ENABLE_NS_ASSERTIONS = NO;
				ENABLE_STRICT_OBJC_MSGSEND = YES;
				GCC_C_LANGUAGE_STANDARD = gnu99;
				GCC_NO_COMMON_BLOCKS = YES;
				GCC_WARN_64_TO_32_BIT_CONVERSION = YES;
				GCC_WARN_ABOUT_RETURN_TYPE = YES_ERROR;
				GCC_WARN_UNDECLARED_SELECTOR = YES;
				GCC_WARN_UNINITIALIZED_AUTOS = YES_AGGRESSIVE;
				GCC_WARN_UNUSED_FUNCTION = YES;
				GCC_WARN_UNUSED_VARIABLE = YES;
				IPHONEOS_DEPLOYMENT_TARGET = 9.3;
				MTL_ENABLE_DEBUG_INFO = NO;
				SDKROOT = iphoneos;
				TARGETED_DEVICE_FAMILY = "1,2";
				VALIDATE_PRODUCT = YES;
			};
			name = Release;
		};
		F22D20D81CD8AAF20089C93B /* Debug */ = {
			isa = XCBuildConfiguration;
			buildSettings = {
				ASSETCATALOG_COMPILER_APPICON_NAME = AppIcon;
				INFOPLIST_FILE = PitchPerfect/Info.plist;
				LD_RUNPATH_SEARCH_PATHS = "$(inherited) @executable_path/Frameworks";
				PRODUCT_BUNDLE_IDENTIFIER = com.watarusekiguchi.PitchPerfect;
				PRODUCT_NAME = "$(TARGET_NAME)";
			};
			name = Debug;
		};
		F22D20D91CD8AAF20089C93B /* Release */ = {
			isa = XCBuildConfiguration;
			buildSettings = {
				ASSETCATALOG_COMPILER_APPICON_NAME = AppIcon;
				INFOPLIST_FILE = PitchPerfect/Info.plist;
				LD_RUNPATH_SEARCH_PATHS = "$(inherited) @executable_path/Frameworks";
				PRODUCT_BUNDLE_IDENTIFIER = com.watarusekiguchi.PitchPerfect;
				PRODUCT_NAME = "$(TARGET_NAME)";
			};
			name = Release;
		};
		F22D20DB1CD8AAF20089C93B /* Debug */ = {
			isa = XCBuildConfiguration;
			buildSettings = {
				BUNDLE_LOADER = "$(TEST_HOST)";
				INFOPLIST_FILE = PitchPerfectTests/Info.plist;
				LD_RUNPATH_SEARCH_PATHS = "$(inherited) @executable_path/Frameworks @loader_path/Frameworks";
				PRODUCT_BUNDLE_IDENTIFIER = com.watarusekiguchi.PitchPerfectTests;
				PRODUCT_NAME = "$(TARGET_NAME)";
				TEST_HOST = "$(BUILT_PRODUCTS_DIR)/PitchPerfect.app/PitchPerfect";
			};
			name = Debug;
		};
		F22D20DC1CD8AAF20089C93B /* Release */ = {
			isa = XCBuildConfiguration;
			buildSettings = {
				BUNDLE_LOADER = "$(TEST_HOST)";
				INFOPLIST_FILE = PitchPerfectTests/Info.plist;
				LD_RUNPATH_SEARCH_PATHS = "$(inherited) @executable_path/Frameworks @loader_path/Frameworks";
				PRODUCT_BUNDLE_IDENTIFIER = com.watarusekiguchi.PitchPerfectTests;
				PRODUCT_NAME = "$(TARGET_NAME)";
				TEST_HOST = "$(BUILT_PRODUCTS_DIR)/PitchPerfect.app/PitchPerfect";
			};
			name = Release;
		};
		F22D20DE1CD8AAF20089C93B /* Debug */ = {
			isa = XCBuildConfiguration;
			buildSettings = {
				INFOPLIST_FILE = PitchPerfectUITests/Info.plist;
				LD_RUNPATH_SEARCH_PATHS = "$(inherited) @executable_path/Frameworks @loader_path/Frameworks";
				PRODUCT_BUNDLE_IDENTIFIER = com.watarusekiguchi.PitchPerfectUITests;
				PRODUCT_NAME = "$(TARGET_NAME)";
				TEST_TARGET_NAME = PitchPerfect;
			};
			name = Debug;
		};
		F22D20DF1CD8AAF20089C93B /* Release */ = {
			isa = XCBuildConfiguration;
			buildSettings = {
				INFOPLIST_FILE = PitchPerfectUITests/Info.plist;
				LD_RUNPATH_SEARCH_PATHS = "$(inherited) @executable_path/Frameworks @loader_path/Frameworks";
				PRODUCT_BUNDLE_IDENTIFIER = com.watarusekiguchi.PitchPerfectUITests;
				PRODUCT_NAME = "$(TARGET_NAME)";
				TEST_TARGET_NAME = PitchPerfect;
			};
			name = Release;
		};
/* End XCBuildConfiguration section */

/* Begin XCConfigurationList section */
		F22D20AA1CD8AAF10089C93B /* Build configuration list for PBXProject "PitchPerfect" */ = {
			isa = XCConfigurationList;
			buildConfigurations = (
				F22D20D51CD8AAF20089C93B /* Debug */,
				F22D20D61CD8AAF20089C93B /* Release */,
			);
			defaultConfigurationIsVisible = 0;
			defaultConfigurationName = Release;
		};
		F22D20D71CD8AAF20089C93B /* Build configuration list for PBXNativeTarget "PitchPerfect" */ = {
			isa = XCConfigurationList;
			buildConfigurations = (
				F22D20D81CD8AAF20089C93B /* Debug */,
				F22D20D91CD8AAF20089C93B /* Release */,
			);
			defaultConfigurationIsVisible = 0;
			defaultConfigurationName = Release;
		};
		F22D20DA1CD8AAF20089C93B /* Build configuration list for PBXNativeTarget "PitchPerfectTests" */ = {
			isa = XCConfigurationList;
			buildConfigurations = (
				F22D20DB1CD8AAF20089C93B /* Debug */,
				F22D20DC1CD8AAF20089C93B /* Release */,
			);
			defaultConfigurationIsVisible = 0;
			defaultConfigurationName = Release;
		};
		F22D20DD1CD8AAF20089C93B /* Build configuration list for PBXNativeTarget "PitchPerfectUITests" */ = {
			isa = XCConfigurationList;
			buildConfigurations = (
				F22D20DE1CD8AAF20089C93B /* Debug */,
				F22D20DF1CD8AAF20089C93B /* Release */,
			);
			defaultConfigurationIsVisible = 0;
			defaultConfigurationName = Release;
		};
/* End XCConfigurationList section */
	};
	rootObject = F22D20A71CD8AAF10089C93B /* Project object */;
}
